// !$*UTF8*$!
{
	archiveVersion = 1;
	classes = {
	};
	objectVersion = 51;
	objects = {

/* Begin PBXBuildFile section */
		4C1931711699E2AAE03FD178 /* Pods_Arts_Explorer_Arts_ExplorerUITests.framework in Frameworks */ = {isa = PBXBuildFile; fileRef = A4EEEF3D8198CAA82397B0A9 /* Pods_Arts_Explorer_Arts_ExplorerUITests.framework */; };
		89BE4F2A84075708A76A6559 /* Pods_Arts_ExplorerTests.framework in Frameworks */ = {isa = PBXBuildFile; fileRef = 4A404F78C53E74E47D3BB802 /* Pods_Arts_ExplorerTests.framework */; };
		D33963EE2670F8260047CA19 /* SavedViewController.swift in Sources */ = {isa = PBXBuildFile; fileRef = D33963ED2670F8260047CA19 /* SavedViewController.swift */; };
		D33963F32673AF2F0047CA19 /* CommentsViewController.swift in Sources */ = {isa = PBXBuildFile; fileRef = D33963F22673AF2E0047CA19 /* CommentsViewController.swift */; };
		D33963F92673C3A20047CA19 /* CommentTableViewCell.swift in Sources */ = {isa = PBXBuildFile; fileRef = D33963F72673C3A10047CA19 /* CommentTableViewCell.swift */; };
		D33963FA2673C3A20047CA19 /* CommentTableViewCell.xib in Resources */ = {isa = PBXBuildFile; fileRef = D33963F82673C3A10047CA19 /* CommentTableViewCell.xib */; };
		D339640A2675D3E30047CA19 /* ModerationPostTableViewCell.swift in Sources */ = {isa = PBXBuildFile; fileRef = D33964082675D3E20047CA19 /* ModerationPostTableViewCell.swift */; };
		D339640B2675D3E30047CA19 /* ModerationPostTableViewCell.xib in Resources */ = {isa = PBXBuildFile; fileRef = D33964092675D3E20047CA19 /* ModerationPostTableViewCell.xib */; };
		D33964102675F4020047CA19 /* ModerationPostViewController.swift in Sources */ = {isa = PBXBuildFile; fileRef = D339640F2675F4010047CA19 /* ModerationPostViewController.swift */; };
		D339641526760B600047CA19 /* ModerationCommentTableViewCell.swift in Sources */ = {isa = PBXBuildFile; fileRef = D339641426760B600047CA19 /* ModerationCommentTableViewCell.swift */; };
		D37ECECC2627423700F9EA90 /* AppDelegate.swift in Sources */ = {isa = PBXBuildFile; fileRef = D37ECECB2627423700F9EA90 /* AppDelegate.swift */; };
		D37ECECE2627423700F9EA90 /* SceneDelegate.swift in Sources */ = {isa = PBXBuildFile; fileRef = D37ECECD2627423700F9EA90 /* SceneDelegate.swift */; };
		D37ECED02627423700F9EA90 /* ViewController.swift in Sources */ = {isa = PBXBuildFile; fileRef = D37ECECF2627423700F9EA90 /* ViewController.swift */; };
		D37ECED32627423700F9EA90 /* Main.storyboard in Resources */ = {isa = PBXBuildFile; fileRef = D37ECED12627423700F9EA90 /* Main.storyboard */; };
		D37ECED52627423B00F9EA90 /* Assets.xcassets in Resources */ = {isa = PBXBuildFile; fileRef = D37ECED42627423B00F9EA90 /* Assets.xcassets */; };
		D37ECED82627423B00F9EA90 /* LaunchScreen.storyboard in Resources */ = {isa = PBXBuildFile; fileRef = D37ECED62627423B00F9EA90 /* LaunchScreen.storyboard */; };
		D37ECEE32627423B00F9EA90 /* Arts_ExplorerTests.swift in Sources */ = {isa = PBXBuildFile; fileRef = D37ECEE22627423B00F9EA90 /* Arts_ExplorerTests.swift */; };
		D37ECEEE2627423B00F9EA90 /* Arts_ExplorerUITests.swift in Sources */ = {isa = PBXBuildFile; fileRef = D37ECEED2627423B00F9EA90 /* Arts_ExplorerUITests.swift */; };
		D37ECEFF2628473300F9EA90 /* GoogleService-Info.plist in Resources */ = {isa = PBXBuildFile; fileRef = D37ECEFE2628473300F9EA90 /* GoogleService-Info.plist */; };
		D37ECF002628473400F9EA90 /* GoogleService-Info.plist in Resources */ = {isa = PBXBuildFile; fileRef = D37ECEFE2628473300F9EA90 /* GoogleService-Info.plist */; };
		D37ECF012628473400F9EA90 /* GoogleService-Info.plist in Resources */ = {isa = PBXBuildFile; fileRef = D37ECEFE2628473300F9EA90 /* GoogleService-Info.plist */; };
		D37ECF1926284CBE00F9EA90 /* LogInViewController.swift in Sources */ = {isa = PBXBuildFile; fileRef = D37ECF1826284CBD00F9EA90 /* LogInViewController.swift */; };
		D37ECF1A26284CBE00F9EA90 /* LogInViewController.swift in Sources */ = {isa = PBXBuildFile; fileRef = D37ECF1826284CBD00F9EA90 /* LogInViewController.swift */; };
		D37ECF1B26284CBE00F9EA90 /* LogInViewController.swift in Sources */ = {isa = PBXBuildFile; fileRef = D37ECF1826284CBD00F9EA90 /* LogInViewController.swift */; };
		D37ECF2026284CD700F9EA90 /* SignUpViewController.swift in Sources */ = {isa = PBXBuildFile; fileRef = D37ECF1F26284CD700F9EA90 /* SignUpViewController.swift */; };
		D37ECF2126284CD700F9EA90 /* SignUpViewController.swift in Sources */ = {isa = PBXBuildFile; fileRef = D37ECF1F26284CD700F9EA90 /* SignUpViewController.swift */; };
		D37ECF2226284CD700F9EA90 /* SignUpViewController.swift in Sources */ = {isa = PBXBuildFile; fileRef = D37ECF1F26284CD700F9EA90 /* SignUpViewController.swift */; };
		D37ECF2826284E1500F9EA90 /* UploadViewController.swift in Sources */ = {isa = PBXBuildFile; fileRef = D37ECF2726284E1500F9EA90 /* UploadViewController.swift */; };
		D37ECF2926284E1500F9EA90 /* UploadViewController.swift in Sources */ = {isa = PBXBuildFile; fileRef = D37ECF2726284E1500F9EA90 /* UploadViewController.swift */; };
		D37ECF2A26284E1500F9EA90 /* UploadViewController.swift in Sources */ = {isa = PBXBuildFile; fileRef = D37ECF2726284E1500F9EA90 /* UploadViewController.swift */; };
		D37ECF3926284E3500F9EA90 /* HomeViewController.swift in Sources */ = {isa = PBXBuildFile; fileRef = D37ECF3826284E3500F9EA90 /* HomeViewController.swift */; };
		D37ECF3A26284E3500F9EA90 /* HomeViewController.swift in Sources */ = {isa = PBXBuildFile; fileRef = D37ECF3826284E3500F9EA90 /* HomeViewController.swift */; };
		D37ECF3B26284E3500F9EA90 /* HomeViewController.swift in Sources */ = {isa = PBXBuildFile; fileRef = D37ECF3826284E3500F9EA90 /* HomeViewController.swift */; };
		D39B2807266643FA003C0974 /* UserProfileViewController.swift in Sources */ = {isa = PBXBuildFile; fileRef = D39B2806266643F9003C0974 /* UserProfileViewController.swift */; };
		D39B280C2666440D003C0974 /* OtherProfileViewController.swift in Sources */ = {isa = PBXBuildFile; fileRef = D39B280B2666440D003C0974 /* OtherProfileViewController.swift */; };
		D3AD367B265B2EAA006602EC /* PostTableViewCell.swift in Sources */ = {isa = PBXBuildFile; fileRef = D3AD3679265B2EAA006602EC /* PostTableViewCell.swift */; };
		D3AD367C265B2EAA006602EC /* PostTableViewCell.xib in Resources */ = {isa = PBXBuildFile; fileRef = D3AD367A265B2EAA006602EC /* PostTableViewCell.xib */; };
		D3F862B526289F78000D9286 /* Constants.swift in Sources */ = {isa = PBXBuildFile; fileRef = D3F862B426289F78000D9286 /* Constants.swift */; };
		D3F862B626289F78000D9286 /* Constants.swift in Sources */ = {isa = PBXBuildFile; fileRef = D3F862B426289F78000D9286 /* Constants.swift */; };
		D3F862B726289F78000D9286 /* Constants.swift in Sources */ = {isa = PBXBuildFile; fileRef = D3F862B426289F78000D9286 /* Constants.swift */; };
		D3F862BF2629066A000D9286 /* MainTabBarViewController.swift in Sources */ = {isa = PBXBuildFile; fileRef = D3F862BE26290669000D9286 /* MainTabBarViewController.swift */; };
		D3F862C02629066A000D9286 /* MainTabBarViewController.swift in Sources */ = {isa = PBXBuildFile; fileRef = D3F862BE26290669000D9286 /* MainTabBarViewController.swift */; };
		D3F862C12629066A000D9286 /* MainTabBarViewController.swift in Sources */ = {isa = PBXBuildFile; fileRef = D3F862BE26290669000D9286 /* MainTabBarViewController.swift */; };
		F16E186DBFCE652388DED2B3 /* Pods_Arts_Explorer.framework in Frameworks */ = {isa = PBXBuildFile; fileRef = 03B8EB50908B8390FD8C1C12 /* Pods_Arts_Explorer.framework */; };
/* End PBXBuildFile section */

/* Begin PBXContainerItemProxy section */
		D37ECEDF2627423B00F9EA90 /* PBXContainerItemProxy */ = {
			isa = PBXContainerItemProxy;
			containerPortal = D37ECEC02627423700F9EA90 /* Project object */;
			proxyType = 1;
			remoteGlobalIDString = D37ECEC72627423700F9EA90;
			remoteInfo = Arts_Explorer;
		};
		D37ECEEA2627423B00F9EA90 /* PBXContainerItemProxy */ = {
			isa = PBXContainerItemProxy;
			containerPortal = D37ECEC02627423700F9EA90 /* Project object */;
			proxyType = 1;
			remoteGlobalIDString = D37ECEC72627423700F9EA90;
			remoteInfo = Arts_Explorer;
		};
/* End PBXContainerItemProxy section */

/* Begin PBXFileReference section */
		03B8EB50908B8390FD8C1C12 /* Pods_Arts_Explorer.framework */ = {isa = PBXFileReference; explicitFileType = wrapper.framework; includeInIndex = 0; path = Pods_Arts_Explorer.framework; sourceTree = BUILT_PRODUCTS_DIR; };
		0C303F5AC1F5995EE545DECE /* Pods-Arts_Explorer.release.xcconfig */ = {isa = PBXFileReference; includeInIndex = 1; lastKnownFileType = text.xcconfig; name = "Pods-Arts_Explorer.release.xcconfig"; path = "Target Support Files/Pods-Arts_Explorer/Pods-Arts_Explorer.release.xcconfig"; sourceTree = "<group>"; };
		1D35103961BBA49F88C910D4 /* Pods-Arts_ExplorerTests.debug.xcconfig */ = {isa = PBXFileReference; includeInIndex = 1; lastKnownFileType = text.xcconfig; name = "Pods-Arts_ExplorerTests.debug.xcconfig"; path = "Target Support Files/Pods-Arts_ExplorerTests/Pods-Arts_ExplorerTests.debug.xcconfig"; sourceTree = "<group>"; };
		222BA4924E11B3991BA690AF /* Pods-Arts_Explorer-Arts_ExplorerUITests.release.xcconfig */ = {isa = PBXFileReference; includeInIndex = 1; lastKnownFileType = text.xcconfig; name = "Pods-Arts_Explorer-Arts_ExplorerUITests.release.xcconfig"; path = "Target Support Files/Pods-Arts_Explorer-Arts_ExplorerUITests/Pods-Arts_Explorer-Arts_ExplorerUITests.release.xcconfig"; sourceTree = "<group>"; };
		4A404F78C53E74E47D3BB802 /* Pods_Arts_ExplorerTests.framework */ = {isa = PBXFileReference; explicitFileType = wrapper.framework; includeInIndex = 0; path = Pods_Arts_ExplorerTests.framework; sourceTree = BUILT_PRODUCTS_DIR; };
		608533B1E057F09B051826B7 /* Pods-Arts_Explorer-Arts_ExplorerUITests.debug.xcconfig */ = {isa = PBXFileReference; includeInIndex = 1; lastKnownFileType = text.xcconfig; name = "Pods-Arts_Explorer-Arts_ExplorerUITests.debug.xcconfig"; path = "Target Support Files/Pods-Arts_Explorer-Arts_ExplorerUITests/Pods-Arts_Explorer-Arts_ExplorerUITests.debug.xcconfig"; sourceTree = "<group>"; };
		A4EEEF3D8198CAA82397B0A9 /* Pods_Arts_Explorer_Arts_ExplorerUITests.framework */ = {isa = PBXFileReference; explicitFileType = wrapper.framework; includeInIndex = 0; path = Pods_Arts_Explorer_Arts_ExplorerUITests.framework; sourceTree = BUILT_PRODUCTS_DIR; };
		D33963ED2670F8260047CA19 /* SavedViewController.swift */ = {isa = PBXFileReference; lastKnownFileType = sourcecode.swift; path = SavedViewController.swift; sourceTree = "<group>"; };
		D33963F22673AF2E0047CA19 /* CommentsViewController.swift */ = {isa = PBXFileReference; lastKnownFileType = sourcecode.swift; path = CommentsViewController.swift; sourceTree = "<group>"; };
		D33963F72673C3A10047CA19 /* CommentTableViewCell.swift */ = {isa = PBXFileReference; lastKnownFileType = sourcecode.swift; path = CommentTableViewCell.swift; sourceTree = "<group>"; };
		D33963F82673C3A10047CA19 /* CommentTableViewCell.xib */ = {isa = PBXFileReference; lastKnownFileType = file.xib; path = CommentTableViewCell.xib; sourceTree = "<group>"; };
		D33964082675D3E20047CA19 /* ModerationPostTableViewCell.swift */ = {isa = PBXFileReference; lastKnownFileType = sourcecode.swift; path = ModerationPostTableViewCell.swift; sourceTree = "<group>"; };
		D33964092675D3E20047CA19 /* ModerationPostTableViewCell.xib */ = {isa = PBXFileReference; lastKnownFileType = file.xib; path = ModerationPostTableViewCell.xib; sourceTree = "<group>"; };
		D339640F2675F4010047CA19 /* ModerationPostViewController.swift */ = {isa = PBXFileReference; lastKnownFileType = sourcecode.swift; path = ModerationPostViewController.swift; sourceTree = "<group>"; };
		D339641426760B600047CA19 /* ModerationCommentTableViewCell.swift */ = {isa = PBXFileReference; lastKnownFileType = sourcecode.swift; path = ModerationCommentTableViewCell.swift; sourceTree = "<group>"; };
		D37ECEC82627423700F9EA90 /* Arts_Explorer.app */ = {isa = PBXFileReference; explicitFileType = wrapper.application; includeInIndex = 0; path = Arts_Explorer.app; sourceTree = BUILT_PRODUCTS_DIR; };
		D37ECECB2627423700F9EA90 /* AppDelegate.swift */ = {isa = PBXFileReference; lastKnownFileType = sourcecode.swift; path = AppDelegate.swift; sourceTree = "<group>"; };
		D37ECECD2627423700F9EA90 /* SceneDelegate.swift */ = {isa = PBXFileReference; lastKnownFileType = sourcecode.swift; path = SceneDelegate.swift; sourceTree = "<group>"; };
		D37ECECF2627423700F9EA90 /* ViewController.swift */ = {isa = PBXFileReference; lastKnownFileType = sourcecode.swift; path = ViewController.swift; sourceTree = "<group>"; };
		D37ECED22627423700F9EA90 /* Base */ = {isa = PBXFileReference; lastKnownFileType = file.storyboard; name = Base; path = Base.lproj/Main.storyboard; sourceTree = "<group>"; };
		D37ECED42627423B00F9EA90 /* Assets.xcassets */ = {isa = PBXFileReference; lastKnownFileType = folder.assetcatalog; path = Assets.xcassets; sourceTree = "<group>"; };
		D37ECED72627423B00F9EA90 /* Base */ = {isa = PBXFileReference; lastKnownFileType = file.storyboard; name = Base; path = Base.lproj/LaunchScreen.storyboard; sourceTree = "<group>"; };
		D37ECED92627423B00F9EA90 /* Info.plist */ = {isa = PBXFileReference; lastKnownFileType = text.plist.xml; path = Info.plist; sourceTree = "<group>"; };
		D37ECEDE2627423B00F9EA90 /* Arts_ExplorerTests.xctest */ = {isa = PBXFileReference; explicitFileType = wrapper.cfbundle; includeInIndex = 0; path = Arts_ExplorerTests.xctest; sourceTree = BUILT_PRODUCTS_DIR; };
		D37ECEE22627423B00F9EA90 /* Arts_ExplorerTests.swift */ = {isa = PBXFileReference; lastKnownFileType = sourcecode.swift; path = Arts_ExplorerTests.swift; sourceTree = "<group>"; };
		D37ECEE42627423B00F9EA90 /* Info.plist */ = {isa = PBXFileReference; lastKnownFileType = text.plist.xml; path = Info.plist; sourceTree = "<group>"; };
		D37ECEE92627423B00F9EA90 /* Arts_ExplorerUITests.xctest */ = {isa = PBXFileReference; explicitFileType = wrapper.cfbundle; includeInIndex = 0; path = Arts_ExplorerUITests.xctest; sourceTree = BUILT_PRODUCTS_DIR; };
		D37ECEED2627423B00F9EA90 /* Arts_ExplorerUITests.swift */ = {isa = PBXFileReference; lastKnownFileType = sourcecode.swift; path = Arts_ExplorerUITests.swift; sourceTree = "<group>"; };
		D37ECEEF2627423B00F9EA90 /* Info.plist */ = {isa = PBXFileReference; lastKnownFileType = text.plist.xml; path = Info.plist; sourceTree = "<group>"; };
		D37ECEFE2628473300F9EA90 /* GoogleService-Info.plist */ = {isa = PBXFileReference; fileEncoding = 4; lastKnownFileType = text.plist.xml; name = "GoogleService-Info.plist"; path = "../../../../../Downloads/GoogleService-Info.plist"; sourceTree = "<group>"; };
		D37ECF1826284CBD00F9EA90 /* LogInViewController.swift */ = {isa = PBXFileReference; lastKnownFileType = sourcecode.swift; path = LogInViewController.swift; sourceTree = "<group>"; };
		D37ECF1F26284CD700F9EA90 /* SignUpViewController.swift */ = {isa = PBXFileReference; lastKnownFileType = sourcecode.swift; path = SignUpViewController.swift; sourceTree = "<group>"; };
		D37ECF2726284E1500F9EA90 /* UploadViewController.swift */ = {isa = PBXFileReference; lastKnownFileType = sourcecode.swift; path = UploadViewController.swift; sourceTree = "<group>"; };
		D37ECF3826284E3500F9EA90 /* HomeViewController.swift */ = {isa = PBXFileReference; lastKnownFileType = sourcecode.swift; path = HomeViewController.swift; sourceTree = "<group>"; };
		D39B2806266643F9003C0974 /* UserProfileViewController.swift */ = {isa = PBXFileReference; lastKnownFileType = sourcecode.swift; path = UserProfileViewController.swift; sourceTree = "<group>"; };
		D39B280B2666440D003C0974 /* OtherProfileViewController.swift */ = {isa = PBXFileReference; lastKnownFileType = sourcecode.swift; path = OtherProfileViewController.swift; sourceTree = "<group>"; };
		D3AD3679265B2EAA006602EC /* PostTableViewCell.swift */ = {isa = PBXFileReference; lastKnownFileType = sourcecode.swift; path = PostTableViewCell.swift; sourceTree = "<group>"; };
		D3AD367A265B2EAA006602EC /* PostTableViewCell.xib */ = {isa = PBXFileReference; lastKnownFileType = file.xib; path = PostTableViewCell.xib; sourceTree = "<group>"; };
		D3F862B426289F78000D9286 /* Constants.swift */ = {isa = PBXFileReference; lastKnownFileType = sourcecode.swift; path = Constants.swift; sourceTree = "<group>"; };
		D3F862BE26290669000D9286 /* MainTabBarViewController.swift */ = {isa = PBXFileReference; lastKnownFileType = sourcecode.swift; path = MainTabBarViewController.swift; sourceTree = "<group>"; };
		D9A26F3260701A74664C212C /* Pods-Arts_Explorer.debug.xcconfig */ = {isa = PBXFileReference; includeInIndex = 1; lastKnownFileType = text.xcconfig; name = "Pods-Arts_Explorer.debug.xcconfig"; path = "Target Support Files/Pods-Arts_Explorer/Pods-Arts_Explorer.debug.xcconfig"; sourceTree = "<group>"; };
		FBB738CB01F275387060AE58 /* Pods-Arts_ExplorerTests.release.xcconfig */ = {isa = PBXFileReference; includeInIndex = 1; lastKnownFileType = text.xcconfig; name = "Pods-Arts_ExplorerTests.release.xcconfig"; path = "Target Support Files/Pods-Arts_ExplorerTests/Pods-Arts_ExplorerTests.release.xcconfig"; sourceTree = "<group>"; };
/* End PBXFileReference section */

/* Begin PBXFrameworksBuildPhase section */
		D37ECEC52627423700F9EA90 /* Frameworks */ = {
			isa = PBXFrameworksBuildPhase;
			buildActionMask = 2147483647;
			files = (
				F16E186DBFCE652388DED2B3 /* Pods_Arts_Explorer.framework in Frameworks */,
			);
			runOnlyForDeploymentPostprocessing = 0;
		};
		D37ECEDB2627423B00F9EA90 /* Frameworks */ = {
			isa = PBXFrameworksBuildPhase;
			buildActionMask = 2147483647;
			files = (
				89BE4F2A84075708A76A6559 /* Pods_Arts_ExplorerTests.framework in Frameworks */,
			);
			runOnlyForDeploymentPostprocessing = 0;
		};
		D37ECEE62627423B00F9EA90 /* Frameworks */ = {
			isa = PBXFrameworksBuildPhase;
			buildActionMask = 2147483647;
			files = (
				4C1931711699E2AAE03FD178 /* Pods_Arts_Explorer_Arts_ExplorerUITests.framework in Frameworks */,
			);
			runOnlyForDeploymentPostprocessing = 0;
		};
/* End PBXFrameworksBuildPhase section */

/* Begin PBXGroup section */
		3247C2E4B15F2835BD3531F3 /* Pods */ = {
			isa = PBXGroup;
			children = (
				D9A26F3260701A74664C212C /* Pods-Arts_Explorer.debug.xcconfig */,
				0C303F5AC1F5995EE545DECE /* Pods-Arts_Explorer.release.xcconfig */,
				608533B1E057F09B051826B7 /* Pods-Arts_Explorer-Arts_ExplorerUITests.debug.xcconfig */,
				222BA4924E11B3991BA690AF /* Pods-Arts_Explorer-Arts_ExplorerUITests.release.xcconfig */,
				1D35103961BBA49F88C910D4 /* Pods-Arts_ExplorerTests.debug.xcconfig */,
				FBB738CB01F275387060AE58 /* Pods-Arts_ExplorerTests.release.xcconfig */,
			);
			path = Pods;
			sourceTree = "<group>";
		};
		7D4683A3437ED5E1A90DF703 /* Frameworks */ = {
			isa = PBXGroup;
			children = (
				03B8EB50908B8390FD8C1C12 /* Pods_Arts_Explorer.framework */,
				A4EEEF3D8198CAA82397B0A9 /* Pods_Arts_Explorer_Arts_ExplorerUITests.framework */,
				4A404F78C53E74E47D3BB802 /* Pods_Arts_ExplorerTests.framework */,
			);
			name = Frameworks;
			sourceTree = "<group>";
		};
		D37ECEBF2627423700F9EA90 = {
			isa = PBXGroup;
			children = (
				D37ECECA2627423700F9EA90 /* Arts_Explorer */,
				D37ECEE12627423B00F9EA90 /* Arts_ExplorerTests */,
				D37ECEEC2627423B00F9EA90 /* Arts_ExplorerUITests */,
				D37ECEC92627423700F9EA90 /* Products */,
				3247C2E4B15F2835BD3531F3 /* Pods */,
				7D4683A3437ED5E1A90DF703 /* Frameworks */,
			);
			sourceTree = "<group>";
		};
		D37ECEC92627423700F9EA90 /* Products */ = {
			isa = PBXGroup;
			children = (
				D37ECEC82627423700F9EA90 /* Arts_Explorer.app */,
				D37ECEDE2627423B00F9EA90 /* Arts_ExplorerTests.xctest */,
				D37ECEE92627423B00F9EA90 /* Arts_ExplorerUITests.xctest */,
			);
			name = Products;
			sourceTree = "<group>";
		};
		D37ECECA2627423700F9EA90 /* Arts_Explorer */ = {
			isa = PBXGroup;
			children = (
				D37ECECB2627423700F9EA90 /* AppDelegate.swift */,
				D37ECECD2627423700F9EA90 /* SceneDelegate.swift */,
				D37ECED12627423700F9EA90 /* Main.storyboard */,
				D37ECED62627423B00F9EA90 /* LaunchScreen.storyboard */,
				D37ECED42627423B00F9EA90 /* Assets.xcassets */,
				D37ECED92627423B00F9EA90 /* Info.plist */,
				D37ECEFE2628473300F9EA90 /* GoogleService-Info.plist */,
				D37ECF2626284DFA00F9EA90 /* View_Controllers */,
				D3F862B426289F78000D9286 /* Constants.swift */,
				D33963F72673C3A10047CA19 /* CommentTableViewCell.swift */,
				D33963F82673C3A10047CA19 /* CommentTableViewCell.xib */,
				D3AD3679265B2EAA006602EC /* PostTableViewCell.swift */,
				D3AD367A265B2EAA006602EC /* PostTableViewCell.xib */,
				D33964082675D3E20047CA19 /* ModerationPostTableViewCell.swift */,
				D33964092675D3E20047CA19 /* ModerationPostTableViewCell.xib */,
				D339641426760B600047CA19 /* ModerationCommentTableViewCell.swift */,
			);
			path = Arts_Explorer;
			sourceTree = "<group>";
		};
		D37ECEE12627423B00F9EA90 /* Arts_ExplorerTests */ = {
			isa = PBXGroup;
			children = (
				D37ECEE22627423B00F9EA90 /* Arts_ExplorerTests.swift */,
				D37ECEE42627423B00F9EA90 /* Info.plist */,
			);
			path = Arts_ExplorerTests;
			sourceTree = "<group>";
		};
		D37ECEEC2627423B00F9EA90 /* Arts_ExplorerUITests */ = {
			isa = PBXGroup;
			children = (
				D37ECEED2627423B00F9EA90 /* Arts_ExplorerUITests.swift */,
				D37ECEEF2627423B00F9EA90 /* Info.plist */,
			);
			path = Arts_ExplorerUITests;
			sourceTree = "<group>";
		};
		D37ECF2626284DFA00F9EA90 /* View_Controllers */ = {
			isa = PBXGroup;
			children = (
				D37ECECF2627423700F9EA90 /* ViewController.swift */,
				D37ECF1826284CBD00F9EA90 /* LogInViewController.swift */,
				D37ECF1F26284CD700F9EA90 /* SignUpViewController.swift */,
				D37ECF2726284E1500F9EA90 /* UploadViewController.swift */,
				D37ECF3826284E3500F9EA90 /* HomeViewController.swift */,
				D3F862BE26290669000D9286 /* MainTabBarViewController.swift */,
				D39B2806266643F9003C0974 /* UserProfileViewController.swift */,
				D39B280B2666440D003C0974 /* OtherProfileViewController.swift */,
				D33963ED2670F8260047CA19 /* SavedViewController.swift */,
				D33963F22673AF2E0047CA19 /* CommentsViewController.swift */,
				D339640F2675F4010047CA19 /* ModerationPostViewController.swift */,
			);
			path = View_Controllers;
			sourceTree = "<group>";
		};
/* End PBXGroup section */

/* Begin PBXNativeTarget section */
		D37ECEC72627423700F9EA90 /* Arts_Explorer */ = {
			isa = PBXNativeTarget;
			buildConfigurationList = D37ECEF22627423B00F9EA90 /* Build configuration list for PBXNativeTarget "Arts_Explorer" */;
			buildPhases = (
				CCE1748704E6F5C137A0D721 /* [CP] Check Pods Manifest.lock */,
				D37ECEC42627423700F9EA90 /* Sources */,
				D37ECEC52627423700F9EA90 /* Frameworks */,
				D37ECEC62627423700F9EA90 /* Resources */,
				82BDB35C6789912F0CEF3CEC /* [CP] Embed Pods Frameworks */,
			);
			buildRules = (
			);
			dependencies = (
			);
			name = Arts_Explorer;
			productName = Arts_Explorer;
			productReference = D37ECEC82627423700F9EA90 /* Arts_Explorer.app */;
			productType = "com.apple.product-type.application";
		};
		D37ECEDD2627423B00F9EA90 /* Arts_ExplorerTests */ = {
			isa = PBXNativeTarget;
			buildConfigurationList = D37ECEF52627423B00F9EA90 /* Build configuration list for PBXNativeTarget "Arts_ExplorerTests" */;
			buildPhases = (
				007FCD7445D7D1B8ADD2A558 /* [CP] Check Pods Manifest.lock */,
				D37ECEDA2627423B00F9EA90 /* Sources */,
				D37ECEDB2627423B00F9EA90 /* Frameworks */,
				D37ECEDC2627423B00F9EA90 /* Resources */,
			);
			buildRules = (
			);
			dependencies = (
				D37ECEE02627423B00F9EA90 /* PBXTargetDependency */,
			);
			name = Arts_ExplorerTests;
			productName = Arts_ExplorerTests;
			productReference = D37ECEDE2627423B00F9EA90 /* Arts_ExplorerTests.xctest */;
			productType = "com.apple.product-type.bundle.unit-test";
		};
		D37ECEE82627423B00F9EA90 /* Arts_ExplorerUITests */ = {
			isa = PBXNativeTarget;
			buildConfigurationList = D37ECEF82627423B00F9EA90 /* Build configuration list for PBXNativeTarget "Arts_ExplorerUITests" */;
			buildPhases = (
				9316DAEFE81AE23EAF8CEFC0 /* [CP] Check Pods Manifest.lock */,
				D37ECEE52627423B00F9EA90 /* Sources */,
				D37ECEE62627423B00F9EA90 /* Frameworks */,
				D37ECEE72627423B00F9EA90 /* Resources */,
				967FAC73884C5CC87FBC3634 /* [CP] Embed Pods Frameworks */,
			);
			buildRules = (
			);
			dependencies = (
				D37ECEEB2627423B00F9EA90 /* PBXTargetDependency */,
			);
			name = Arts_ExplorerUITests;
			productName = Arts_ExplorerUITests;
			productReference = D37ECEE92627423B00F9EA90 /* Arts_ExplorerUITests.xctest */;
			productType = "com.apple.product-type.bundle.ui-testing";
		};
/* End PBXNativeTarget section */

/* Begin PBXProject section */
		D37ECEC02627423700F9EA90 /* Project object */ = {
			isa = PBXProject;
			attributes = {
				LastSwiftUpdateCheck = 1240;
				LastUpgradeCheck = 1240;
				TargetAttributes = {
					D37ECEC72627423700F9EA90 = {
						CreatedOnToolsVersion = 12.4;
					};
					D37ECEDD2627423B00F9EA90 = {
						CreatedOnToolsVersion = 12.4;
						TestTargetID = D37ECEC72627423700F9EA90;
					};
					D37ECEE82627423B00F9EA90 = {
						CreatedOnToolsVersion = 12.4;
						TestTargetID = D37ECEC72627423700F9EA90;
					};
				};
			};
			buildConfigurationList = D37ECEC32627423700F9EA90 /* Build configuration list for PBXProject "Arts_Explorer" */;
			compatibilityVersion = "Xcode 9.3";
			developmentRegion = en;
			hasScannedForEncodings = 0;
			knownRegions = (
				en,
				Base,
			);
			mainGroup = D37ECEBF2627423700F9EA90;
			productRefGroup = D37ECEC92627423700F9EA90 /* Products */;
			projectDirPath = "";
			projectRoot = "";
			targets = (
				D37ECEC72627423700F9EA90 /* Arts_Explorer */,
				D37ECEDD2627423B00F9EA90 /* Arts_ExplorerTests */,
				D37ECEE82627423B00F9EA90 /* Arts_ExplorerUITests */,
			);
		};
/* End PBXProject section */

/* Begin PBXResourcesBuildPhase section */
		D37ECEC62627423700F9EA90 /* Resources */ = {
			isa = PBXResourcesBuildPhase;
			buildActionMask = 2147483647;
			files = (
				D339640B2675D3E30047CA19 /* ModerationPostTableViewCell.xib in Resources */,
				D37ECED82627423B00F9EA90 /* LaunchScreen.storyboard in Resources */,
				D33963FA2673C3A20047CA19 /* CommentTableViewCell.xib in Resources */,
				D3AD367C265B2EAA006602EC /* PostTableViewCell.xib in Resources */,
				D37ECEFF2628473300F9EA90 /* GoogleService-Info.plist in Resources */,
				D37ECED52627423B00F9EA90 /* Assets.xcassets in Resources */,
				D37ECED32627423700F9EA90 /* Main.storyboard in Resources */,
			);
			runOnlyForDeploymentPostprocessing = 0;
		};
		D37ECEDC2627423B00F9EA90 /* Resources */ = {
			isa = PBXResourcesBuildPhase;
			buildActionMask = 2147483647;
			files = (
				D37ECF002628473400F9EA90 /* GoogleService-Info.plist in Resources */,
			);
			runOnlyForDeploymentPostprocessing = 0;
		};
		D37ECEE72627423B00F9EA90 /* Resources */ = {
			isa = PBXResourcesBuildPhase;
			buildActionMask = 2147483647;
			files = (
				D37ECF012628473400F9EA90 /* GoogleService-Info.plist in Resources */,
			);
			runOnlyForDeploymentPostprocessing = 0;
		};
/* End PBXResourcesBuildPhase section */

/* Begin PBXShellScriptBuildPhase section */
		007FCD7445D7D1B8ADD2A558 /* [CP] Check Pods Manifest.lock */ = {
			isa = PBXShellScriptBuildPhase;
			buildActionMask = 2147483647;
			files = (
			);
			inputFileListPaths = (
			);
			inputPaths = (
				"${PODS_PODFILE_DIR_PATH}/Podfile.lock",
				"${PODS_ROOT}/Manifest.lock",
			);
			name = "[CP] Check Pods Manifest.lock";
			outputFileListPaths = (
			);
			outputPaths = (
				"$(DERIVED_FILE_DIR)/Pods-Arts_ExplorerTests-checkManifestLockResult.txt",
			);
			runOnlyForDeploymentPostprocessing = 0;
			shellPath = /bin/sh;
			shellScript = "diff \"${PODS_PODFILE_DIR_PATH}/Podfile.lock\" \"${PODS_ROOT}/Manifest.lock\" > /dev/null\nif [ $? != 0 ] ; then\n    # print error to STDERR\n    echo \"error: The sandbox is not in sync with the Podfile.lock. Run 'pod install' or update your CocoaPods installation.\" >&2\n    exit 1\nfi\n# This output is used by Xcode 'outputs' to avoid re-running this script phase.\necho \"SUCCESS\" > \"${SCRIPT_OUTPUT_FILE_0}\"\n";
			showEnvVarsInLog = 0;
		};
		82BDB35C6789912F0CEF3CEC /* [CP] Embed Pods Frameworks */ = {
			isa = PBXShellScriptBuildPhase;
			buildActionMask = 2147483647;
			files = (
			);
			inputFileListPaths = (
				"${PODS_ROOT}/Target Support Files/Pods-Arts_Explorer/Pods-Arts_Explorer-frameworks-${CONFIGURATION}-input-files.xcfilelist",
			);
			name = "[CP] Embed Pods Frameworks";
			outputFileListPaths = (
				"${PODS_ROOT}/Target Support Files/Pods-Arts_Explorer/Pods-Arts_Explorer-frameworks-${CONFIGURATION}-output-files.xcfilelist",
			);
			runOnlyForDeploymentPostprocessing = 0;
			shellPath = /bin/sh;
			shellScript = "\"${PODS_ROOT}/Target Support Files/Pods-Arts_Explorer/Pods-Arts_Explorer-frameworks.sh\"\n";
			showEnvVarsInLog = 0;
		};
		9316DAEFE81AE23EAF8CEFC0 /* [CP] Check Pods Manifest.lock */ = {
			isa = PBXShellScriptBuildPhase;
			buildActionMask = 2147483647;
			files = (
			);
			inputFileListPaths = (
			);
			inputPaths = (
				"${PODS_PODFILE_DIR_PATH}/Podfile.lock",
				"${PODS_ROOT}/Manifest.lock",
			);
			name = "[CP] Check Pods Manifest.lock";
			outputFileListPaths = (
			);
			outputPaths = (
				"$(DERIVED_FILE_DIR)/Pods-Arts_Explorer-Arts_ExplorerUITests-checkManifestLockResult.txt",
			);
			runOnlyForDeploymentPostprocessing = 0;
			shellPath = /bin/sh;
			shellScript = "diff \"${PODS_PODFILE_DIR_PATH}/Podfile.lock\" \"${PODS_ROOT}/Manifest.lock\" > /dev/null\nif [ $? != 0 ] ; then\n    # print error to STDERR\n    echo \"error: The sandbox is not in sync with the Podfile.lock. Run 'pod install' or update your CocoaPods installation.\" >&2\n    exit 1\nfi\n# This output is used by Xcode 'outputs' to avoid re-running this script phase.\necho \"SUCCESS\" > \"${SCRIPT_OUTPUT_FILE_0}\"\n";
			showEnvVarsInLog = 0;
		};
		967FAC73884C5CC87FBC3634 /* [CP] Embed Pods Frameworks */ = {
			isa = PBXShellScriptBuildPhase;
			buildActionMask = 2147483647;
			files = (
			);
			inputFileListPaths = (
				"${PODS_ROOT}/Target Support Files/Pods-Arts_Explorer-Arts_ExplorerUITests/Pods-Arts_Explorer-Arts_ExplorerUITests-frameworks-${CONFIGURATION}-input-files.xcfilelist",
			);
			name = "[CP] Embed Pods Frameworks";
			outputFileListPaths = (
				"${PODS_ROOT}/Target Support Files/Pods-Arts_Explorer-Arts_ExplorerUITests/Pods-Arts_Explorer-Arts_ExplorerUITests-frameworks-${CONFIGURATION}-output-files.xcfilelist",
			);
			runOnlyForDeploymentPostprocessing = 0;
			shellPath = /bin/sh;
			shellScript = "\"${PODS_ROOT}/Target Support Files/Pods-Arts_Explorer-Arts_ExplorerUITests/Pods-Arts_Explorer-Arts_ExplorerUITests-frameworks.sh\"\n";
			showEnvVarsInLog = 0;
		};
		CCE1748704E6F5C137A0D721 /* [CP] Check Pods Manifest.lock */ = {
			isa = PBXShellScriptBuildPhase;
			buildActionMask = 2147483647;
			files = (
			);
			inputFileListPaths = (
			);
			inputPaths = (
				"${PODS_PODFILE_DIR_PATH}/Podfile.lock",
				"${PODS_ROOT}/Manifest.lock",
			);
			name = "[CP] Check Pods Manifest.lock";
			outputFileListPaths = (
			);
			outputPaths = (
				"$(DERIVED_FILE_DIR)/Pods-Arts_Explorer-checkManifestLockResult.txt",
			);
			runOnlyForDeploymentPostprocessing = 0;
			shellPath = /bin/sh;
			shellScript = "diff \"${PODS_PODFILE_DIR_PATH}/Podfile.lock\" \"${PODS_ROOT}/Manifest.lock\" > /dev/null\nif [ $? != 0 ] ; then\n    # print error to STDERR\n    echo \"error: The sandbox is not in sync with the Podfile.lock. Run 'pod install' or update your CocoaPods installation.\" >&2\n    exit 1\nfi\n# This output is used by Xcode 'outputs' to avoid re-running this script phase.\necho \"SUCCESS\" > \"${SCRIPT_OUTPUT_FILE_0}\"\n";
			showEnvVarsInLog = 0;
		};
/* End PBXShellScriptBuildPhase section */

/* Begin PBXSourcesBuildPhase section */
		D37ECEC42627423700F9EA90 /* Sources */ = {
			isa = PBXSourcesBuildPhase;
			buildActionMask = 2147483647;
			files = (
				D37ECF1926284CBE00F9EA90 /* LogInViewController.swift in Sources */,
				D339641526760B600047CA19 /* ModerationCommentTableViewCell.swift in Sources */,
				D37ECF2826284E1500F9EA90 /* UploadViewController.swift in Sources */,
				D37ECED02627423700F9EA90 /* ViewController.swift in Sources */,
				D33963F32673AF2F0047CA19 /* CommentsViewController.swift in Sources */,
				D37ECF3926284E3500F9EA90 /* HomeViewController.swift in Sources */,
				D339640A2675D3E30047CA19 /* ModerationPostTableViewCell.swift in Sources */,
				D37ECECC2627423700F9EA90 /* AppDelegate.swift in Sources */,
				D33963EE2670F8260047CA19 /* SavedViewController.swift in Sources */,
				D3AD367B265B2EAA006602EC /* PostTableViewCell.swift in Sources */,
				D3F862BF2629066A000D9286 /* MainTabBarViewController.swift in Sources */,
				D37ECECE2627423700F9EA90 /* SceneDelegate.swift in Sources */,
				D39B2807266643FA003C0974 /* UserProfileViewController.swift in Sources */,
				D39B280C2666440D003C0974 /* OtherProfileViewController.swift in Sources */,
				D33963F92673C3A20047CA19 /* CommentTableViewCell.swift in Sources */,
				D37ECF2026284CD700F9EA90 /* SignUpViewController.swift in Sources */,
				D3F862B526289F78000D9286 /* Constants.swift in Sources */,
				D33964102675F4020047CA19 /* ModerationPostViewController.swift in Sources */,
			);
			runOnlyForDeploymentPostprocessing = 0;
		};
		D37ECEDA2627423B00F9EA90 /* Sources */ = {
			isa = PBXSourcesBuildPhase;
			buildActionMask = 2147483647;
			files = (
				D37ECF2126284CD700F9EA90 /* SignUpViewController.swift in Sources */,
				D37ECF2926284E1500F9EA90 /* UploadViewController.swift in Sources */,
				D3F862C02629066A000D9286 /* MainTabBarViewController.swift in Sources */,
				D37ECF1A26284CBE00F9EA90 /* LogInViewController.swift in Sources */,
				D3F862B626289F78000D9286 /* Constants.swift in Sources */,
				D37ECEE32627423B00F9EA90 /* Arts_ExplorerTests.swift in Sources */,
				D37ECF3A26284E3500F9EA90 /* HomeViewController.swift in Sources */,
			);
			runOnlyForDeploymentPostprocessing = 0;
		};
		D37ECEE52627423B00F9EA90 /* Sources */ = {
			isa = PBXSourcesBuildPhase;
			buildActionMask = 2147483647;
			files = (
				D37ECF2226284CD700F9EA90 /* SignUpViewController.swift in Sources */,
				D37ECF2A26284E1500F9EA90 /* UploadViewController.swift in Sources */,
				D3F862C12629066A000D9286 /* MainTabBarViewController.swift in Sources */,
				D37ECF1B26284CBE00F9EA90 /* LogInViewController.swift in Sources */,
				D3F862B726289F78000D9286 /* Constants.swift in Sources */,
				D37ECEEE2627423B00F9EA90 /* Arts_ExplorerUITests.swift in Sources */,
				D37ECF3B26284E3500F9EA90 /* HomeViewController.swift in Sources */,
			);
			runOnlyForDeploymentPostprocessing = 0;
		};
/* End PBXSourcesBuildPhase section */

/* Begin PBXTargetDependency section */
		D37ECEE02627423B00F9EA90 /* PBXTargetDependency */ = {
			isa = PBXTargetDependency;
			target = D37ECEC72627423700F9EA90 /* Arts_Explorer */;
			targetProxy = D37ECEDF2627423B00F9EA90 /* PBXContainerItemProxy */;
		};
		D37ECEEB2627423B00F9EA90 /* PBXTargetDependency */ = {
			isa = PBXTargetDependency;
			target = D37ECEC72627423700F9EA90 /* Arts_Explorer */;
			targetProxy = D37ECEEA2627423B00F9EA90 /* PBXContainerItemProxy */;
		};
/* End PBXTargetDependency section */

/* Begin PBXVariantGroup section */
		D37ECED12627423700F9EA90 /* Main.storyboard */ = {
			isa = PBXVariantGroup;
			children = (
				D37ECED22627423700F9EA90 /* Base */,
			);
			name = Main.storyboard;
			sourceTree = "<group>";
		};
		D37ECED62627423B00F9EA90 /* LaunchScreen.storyboard */ = {
			isa = PBXVariantGroup;
			children = (
				D37ECED72627423B00F9EA90 /* Base */,
			);
			name = LaunchScreen.storyboard;
			sourceTree = "<group>";
		};
/* End PBXVariantGroup section */

/* Begin XCBuildConfiguration section */
		D37ECEF02627423B00F9EA90 /* Debug */ = {
			isa = XCBuildConfiguration;
			buildSettings = {
				ALWAYS_SEARCH_USER_PATHS = NO;
				CLANG_ANALYZER_NONNULL = YES;
				CLANG_ANALYZER_NUMBER_OBJECT_CONVERSION = YES_AGGRESSIVE;
				CLANG_CXX_LANGUAGE_STANDARD = "gnu++14";
				CLANG_CXX_LIBRARY = "libc++";
				CLANG_ENABLE_MODULES = YES;
				CLANG_ENABLE_OBJC_ARC = YES;
				CLANG_ENABLE_OBJC_WEAK = YES;
				CLANG_WARN_BLOCK_CAPTURE_AUTORELEASING = YES;
				CLANG_WARN_BOOL_CONVERSION = YES;
				CLANG_WARN_COMMA = YES;
				CLANG_WARN_CONSTANT_CONVERSION = YES;
				CLANG_WARN_DEPRECATED_OBJC_IMPLEMENTATIONS = YES;
				CLANG_WARN_DIRECT_OBJC_ISA_USAGE = YES_ERROR;
				CLANG_WARN_DOCUMENTATION_COMMENTS = YES;
				CLANG_WARN_EMPTY_BODY = YES;
				CLANG_WARN_ENUM_CONVERSION = YES;
				CLANG_WARN_INFINITE_RECURSION = YES;
				CLANG_WARN_INT_CONVERSION = YES;
				CLANG_WARN_NON_LITERAL_NULL_CONVERSION = YES;
				CLANG_WARN_OBJC_IMPLICIT_RETAIN_SELF = YES;
				CLANG_WARN_OBJC_LITERAL_CONVERSION = YES;
				CLANG_WARN_OBJC_ROOT_CLASS = YES_ERROR;
				CLANG_WARN_QUOTED_INCLUDE_IN_FRAMEWORK_HEADER = YES;
				CLANG_WARN_RANGE_LOOP_ANALYSIS = YES;
				CLANG_WARN_STRICT_PROTOTYPES = YES;
				CLANG_WARN_SUSPICIOUS_MOVE = YES;
				CLANG_WARN_UNGUARDED_AVAILABILITY = YES_AGGRESSIVE;
				CLANG_WARN_UNREACHABLE_CODE = YES;
				CLANG_WARN__DUPLICATE_METHOD_MATCH = YES;
				COPY_PHASE_STRIP = NO;
				DEBUG_INFORMATION_FORMAT = dwarf;
				ENABLE_STRICT_OBJC_MSGSEND = YES;
				ENABLE_TESTABILITY = YES;
				GCC_C_LANGUAGE_STANDARD = gnu11;
				GCC_DYNAMIC_NO_PIC = NO;
				GCC_NO_COMMON_BLOCKS = YES;
				GCC_OPTIMIZATION_LEVEL = 0;
				GCC_PREPROCESSOR_DEFINITIONS = (
					"DEBUG=1",
					"$(inherited)",
				);
				GCC_WARN_64_TO_32_BIT_CONVERSION = YES;
				GCC_WARN_ABOUT_RETURN_TYPE = YES_ERROR;
				GCC_WARN_UNDECLARED_SELECTOR = YES;
				GCC_WARN_UNINITIALIZED_AUTOS = YES_AGGRESSIVE;
				GCC_WARN_UNUSED_FUNCTION = YES;
				GCC_WARN_UNUSED_VARIABLE = YES;
				IPHONEOS_DEPLOYMENT_TARGET = 14.4;
				MTL_ENABLE_DEBUG_INFO = INCLUDE_SOURCE;
				MTL_FAST_MATH = YES;
				ONLY_ACTIVE_ARCH = YES;
				SDKROOT = iphoneos;
				SWIFT_ACTIVE_COMPILATION_CONDITIONS = DEBUG;
				SWIFT_OPTIMIZATION_LEVEL = "-Onone";
			};
			name = Debug;
		};
		D37ECEF12627423B00F9EA90 /* Release */ = {
			isa = XCBuildConfiguration;
			buildSettings = {
				ALWAYS_SEARCH_USER_PATHS = NO;
				CLANG_ANALYZER_NONNULL = YES;
				CLANG_ANALYZER_NUMBER_OBJECT_CONVERSION = YES_AGGRESSIVE;
				CLANG_CXX_LANGUAGE_STANDARD = "gnu++14";
				CLANG_CXX_LIBRARY = "libc++";
				CLANG_ENABLE_MODULES = YES;
				CLANG_ENABLE_OBJC_ARC = YES;
				CLANG_ENABLE_OBJC_WEAK = YES;
				CLANG_WARN_BLOCK_CAPTURE_AUTORELEASING = YES;
				CLANG_WARN_BOOL_CONVERSION = YES;
				CLANG_WARN_COMMA = YES;
				CLANG_WARN_CONSTANT_CONVERSION = YES;
				CLANG_WARN_DEPRECATED_OBJC_IMPLEMENTATIONS = YES;
				CLANG_WARN_DIRECT_OBJC_ISA_USAGE = YES_ERROR;
				CLANG_WARN_DOCUMENTATION_COMMENTS = YES;
				CLANG_WARN_EMPTY_BODY = YES;
				CLANG_WARN_ENUM_CONVERSION = YES;
				CLANG_WARN_INFINITE_RECURSION = YES;
				CLANG_WARN_INT_CONVERSION = YES;
				CLANG_WARN_NON_LITERAL_NULL_CONVERSION = YES;
				CLANG_WARN_OBJC_IMPLICIT_RETAIN_SELF = YES;
				CLANG_WARN_OBJC_LITERAL_CONVERSION = YES;
				CLANG_WARN_OBJC_ROOT_CLASS = YES_ERROR;
				CLANG_WARN_QUOTED_INCLUDE_IN_FRAMEWORK_HEADER = YES;
				CLANG_WARN_RANGE_LOOP_ANALYSIS = YES;
				CLANG_WARN_STRICT_PROTOTYPES = YES;
				CLANG_WARN_SUSPICIOUS_MOVE = YES;
				CLANG_WARN_UNGUARDED_AVAILABILITY = YES_AGGRESSIVE;
				CLANG_WARN_UNREACHABLE_CODE = YES;
				CLANG_WARN__DUPLICATE_METHOD_MATCH = YES;
				COPY_PHASE_STRIP = NO;
				DEBUG_INFORMATION_FORMAT = "dwarf-with-dsym";
				ENABLE_NS_ASSERTIONS = NO;
				ENABLE_STRICT_OBJC_MSGSEND = YES;
				GCC_C_LANGUAGE_STANDARD = gnu11;
				GCC_NO_COMMON_BLOCKS = YES;
				GCC_WARN_64_TO_32_BIT_CONVERSION = YES;
				GCC_WARN_ABOUT_RETURN_TYPE = YES_ERROR;
				GCC_WARN_UNDECLARED_SELECTOR = YES;
				GCC_WARN_UNINITIALIZED_AUTOS = YES_AGGRESSIVE;
				GCC_WARN_UNUSED_FUNCTION = YES;
				GCC_WARN_UNUSED_VARIABLE = YES;
				IPHONEOS_DEPLOYMENT_TARGET = 14.4;
				MTL_ENABLE_DEBUG_INFO = NO;
				MTL_FAST_MATH = YES;
				SDKROOT = iphoneos;
				SWIFT_COMPILATION_MODE = wholemodule;
				SWIFT_OPTIMIZATION_LEVEL = "-O";
				VALIDATE_PRODUCT = YES;
			};
			name = Release;
		};
		D37ECEF32627423B00F9EA90 /* Debug */ = {
			isa = XCBuildConfiguration;
			baseConfigurationReference = D9A26F3260701A74664C212C /* Pods-Arts_Explorer.debug.xcconfig */;
			buildSettings = {
				ASSETCATALOG_COMPILER_APPICON_NAME = AppIcon;
				ASSETCATALOG_COMPILER_GLOBAL_ACCENT_COLOR_NAME = AccentColor;
				CODE_SIGN_STYLE = Automatic;
				DEVELOPMENT_TEAM = R4QR3KRWU7;
				INFOPLIST_FILE = Arts_Explorer/Info.plist;
				LD_RUNPATH_SEARCH_PATHS = (
					"$(inherited)",
					"@executable_path/Frameworks",
				);
				PRODUCT_BUNDLE_IDENTIFIER = "com.mirjanav.Arts-Explorer";
				PRODUCT_NAME = "$(TARGET_NAME)";
				SWIFT_VERSION = 5.0;
				TARGETED_DEVICE_FAMILY = "1,2";
			};
			name = Debug;
		};
		D37ECEF42627423B00F9EA90 /* Release */ = {
			isa = XCBuildConfiguration;
			baseConfigurationReference = 0C303F5AC1F5995EE545DECE /* Pods-Arts_Explorer.release.xcconfig */;
			buildSettings = {
				ASSETCATALOG_COMPILER_APPICON_NAME = AppIcon;
				ASSETCATALOG_COMPILER_GLOBAL_ACCENT_COLOR_NAME = AccentColor;
				CODE_SIGN_STYLE = Automatic;
				DEVELOPMENT_TEAM = R4QR3KRWU7;
				INFOPLIST_FILE = Arts_Explorer/Info.plist;
				LD_RUNPATH_SEARCH_PATHS = (
					"$(inherited)",
					"@executable_path/Frameworks",
				);
				PRODUCT_BUNDLE_IDENTIFIER = "com.mirjanav.Arts-Explorer";
				PRODUCT_NAME = "$(TARGET_NAME)";
				SWIFT_VERSION = 5.0;
				TARGETED_DEVICE_FAMILY = "1,2";
			};
			name = Release;
		};
		D37ECEF62627423B00F9EA90 /* Debug */ = {
			isa = XCBuildConfiguration;
			baseConfigurationReference = 1D35103961BBA49F88C910D4 /* Pods-Arts_ExplorerTests.debug.xcconfig */;
			buildSettings = {
				ALWAYS_EMBED_SWIFT_STANDARD_LIBRARIES = YES;
				BUNDLE_LOADER = "$(TEST_HOST)";
				CODE_SIGN_STYLE = Automatic;
				DEVELOPMENT_TEAM = R4QR3KRWU7;
				INFOPLIST_FILE = Arts_ExplorerTests/Info.plist;
				IPHONEOS_DEPLOYMENT_TARGET = 14.4;
				LD_RUNPATH_SEARCH_PATHS = (
					"$(inherited)",
					"@executable_path/Frameworks",
					"@loader_path/Frameworks",
				);
				PRODUCT_BUNDLE_IDENTIFIER = "com.mirjanav.Arts-ExplorerTests";
				PRODUCT_NAME = "$(TARGET_NAME)";
				SWIFT_VERSION = 5.0;
				TARGETED_DEVICE_FAMILY = "1,2";
				TEST_HOST = "$(BUILT_PRODUCTS_DIR)/Arts_Explorer.app/Arts_Explorer";
			};
			name = Debug;
		};
		D37ECEF72627423B00F9EA90 /* Release */ = {
			isa = XCBuildConfiguration;
			baseConfigurationReference = FBB738CB01F275387060AE58 /* Pods-Arts_ExplorerTests.release.xcconfig */;
			buildSettings = {
				ALWAYS_EMBED_SWIFT_STANDARD_LIBRARIES = YES;
				BUNDLE_LOADER = "$(TEST_HOST)";
				CODE_SIGN_STYLE = Automatic;
				DEVELOPMENT_TEAM = R4QR3KRWU7;
				INFOPLIST_FILE = Arts_ExplorerTests/Info.plist;
				IPHONEOS_DEPLOYMENT_TARGET = 14.4;
				LD_RUNPATH_SEARCH_PATHS = (
					"$(inherited)",
					"@executable_path/Frameworks",
					"@loader_path/Frameworks",
				);
				PRODUCT_BUNDLE_IDENTIFIER = "com.mirjanav.Arts-ExplorerTests";
				PRODUCT_NAME = "$(TARGET_NAME)";
				SWIFT_VERSION = 5.0;
				TARGETED_DEVICE_FAMILY = "1,2";
				TEST_HOST = "$(BUILT_PRODUCTS_DIR)/Arts_Explorer.app/Arts_Explorer";
			};
			name = Release;
		};
		D37ECEF92627423B00F9EA90 /* Debug */ = {
			isa = XCBuildConfiguration;
			baseConfigurationReference = 608533B1E057F09B051826B7 /* Pods-Arts_Explorer-Arts_ExplorerUITests.debug.xcconfig */;
			buildSettings = {
				ALWAYS_EMBED_SWIFT_STANDARD_LIBRARIES = YES;
				CODE_SIGN_STYLE = Automatic;
				DEVELOPMENT_TEAM = R4QR3KRWU7;
				INFOPLIST_FILE = Arts_ExplorerUITests/Info.plist;
				LD_RUNPATH_SEARCH_PATHS = (
					"$(inherited)",
					"@executable_path/Frameworks",
					"@loader_path/Frameworks",
				);
				PRODUCT_BUNDLE_IDENTIFIER = "com.mirjanav.Arts-ExplorerUITests";
				PRODUCT_NAME = "$(TARGET_NAME)";
				SWIFT_VERSION = 5.0;
				TARGETED_DEVICE_FAMILY = "1,2";
				TEST_TARGET_NAME = Arts_Explorer;
			};
			name = Debug;
		};
		D37ECEFA2627423B00F9EA90 /* Release */ = {
			isa = XCBuildConfiguration;
			baseConfigurationReference = 222BA4924E11B3991BA690AF /* Pods-Arts_Explorer-Arts_ExplorerUITests.release.xcconfig */;
			buildSettings = {
				ALWAYS_EMBED_SWIFT_STANDARD_LIBRARIES = YES;
				CODE_SIGN_STYLE = Automatic;
				DEVELOPMENT_TEAM = R4QR3KRWU7;
				INFOPLIST_FILE = Arts_ExplorerUITests/Info.plist;
				LD_RUNPATH_SEARCH_PATHS = (
					"$(inherited)",
					"@executable_path/Frameworks",
					"@loader_path/Frameworks",
				);
				PRODUCT_BUNDLE_IDENTIFIER = "com.mirjanav.Arts-ExplorerUITests";
				PRODUCT_NAME = "$(TARGET_NAME)";
				SWIFT_VERSION = 5.0;
				TARGETED_DEVICE_FAMILY = "1,2";
				TEST_TARGET_NAME = Arts_Explorer;
			};
			name = Release;
		};
/* End XCBuildConfiguration section */

/* Begin XCConfigurationList section */
		D37ECEC32627423700F9EA90 /* Build configuration list for PBXProject "Arts_Explorer" */ = {
			isa = XCConfigurationList;
			buildConfigurations = (
				D37ECEF02627423B00F9EA90 /* Debug */,
				D37ECEF12627423B00F9EA90 /* Release */,
			);
			defaultConfigurationIsVisible = 0;
			defaultConfigurationName = Release;
		};
		D37ECEF22627423B00F9EA90 /* Build configuration list for PBXNativeTarget "Arts_Explorer" */ = {
			isa = XCConfigurationList;
			buildConfigurations = (
				D37ECEF32627423B00F9EA90 /* Debug */,
				D37ECEF42627423B00F9EA90 /* Release */,
			);
			defaultConfigurationIsVisible = 0;
			defaultConfigurationName = Release;
		};
		D37ECEF52627423B00F9EA90 /* Build configuration list for PBXNativeTarget "Arts_ExplorerTests" */ = {
			isa = XCConfigurationList;
			buildConfigurations = (
				D37ECEF62627423B00F9EA90 /* Debug */,
				D37ECEF72627423B00F9EA90 /* Release */,
			);
			defaultConfigurationIsVisible = 0;
			defaultConfigurationName = Release;
		};
		D37ECEF82627423B00F9EA90 /* Build configuration list for PBXNativeTarget "Arts_ExplorerUITests" */ = {
			isa = XCConfigurationList;
			buildConfigurations = (
				D37ECEF92627423B00F9EA90 /* Debug */,
				D37ECEFA2627423B00F9EA90 /* Release */,
			);
			defaultConfigurationIsVisible = 0;
			defaultConfigurationName = Release;
		};
/* End XCConfigurationList section */
	};
	rootObject = D37ECEC02627423700F9EA90 /* Project object */;
}
